
Microsoft Visual Studio Solution File, Format Version 12.00
# Visual Studio 15
VisualStudioVersion = 15.0.27130.2010
MinimumVisualStudioVersion = 10.0.40219.1
Project("{FAE04EC0-301F-11D3-BF4B-00C04F79EFBC}") = "SearchTool", "WindowsFormsApplication1\SearchTool.csproj", "{61E03AFC-C1C8-4FD1-AFB0-FF32155E03A0}"
EndProject
Project("{FAE04EC0-301F-11D3-BF4B-00C04F79EFBC}") = "SearchLDAP", "SearchLDAP\SearchLDAP.csproj", "{827EEC8E-F9DF-4E80-9B80-D160C301F075}"
EndProject
Project("{FAE04EC0-301F-11D3-BF4B-00C04F79EFBC}") = "FormatType2And6", "FormatFile2And6\FormatType2And6.csproj", "{AC542E30-ECB4-4E48-8D17-D5D372A9E321}"
EndProject
Project("{FAE04EC0-301F-11D3-BF4B-00C04F79EFBC}") = "Sandbox", "Sandbox\Sandbox.csproj", "{DFA5297A-EED1-44C2-BB96-501023DCA4AA}"
EndProject
Project("{FAE04EC0-301F-11D3-BF4B-00C04F79EFBC}") = "ASC_EmailAudit", "ASC_EmailAudit\ASC_EmailAudit.csproj", "{8FB5CCF4-FFC6-4B38-9C1E-19250648BC77}"
EndProject
Global
	GlobalSection(SolutionConfigurationPlatforms) = preSolution
		Debug|Any CPU = Debug|Any CPU
		Debug|x86 = Debug|x86
		Release|Any CPU = Release|Any CPU
		Release|x86 = Release|x86
	EndGlobalSection
	GlobalSection(ProjectConfigurationPlatforms) = postSolution
		{61E03AFC-C1C8-4FD1-AFB0-FF32155E03A0}.Debug|Any CPU.ActiveCfg = Debug|x86
		{61E03AFC-C1C8-4FD1-AFB0-FF32155E03A0}.Debug|x86.ActiveCfg = Debug|x86
		{61E03AFC-C1C8-4FD1-AFB0-FF32155E03A0}.Debug|x86.Build.0 = Debug|x86
		{61E03AFC-C1C8-4FD1-AFB0-FF32155E03A0}.Release|Any CPU.ActiveCfg = Release|x86
		{61E03AFC-C1C8-4FD1-AFB0-FF32155E03A0}.Release|x86.ActiveCfg = Release|x86
		{61E03AFC-C1C8-4FD1-AFB0-FF32155E03A0}.Release|x86.Build.0 = Release|x86
		{827EEC8E-F9DF-4E80-9B80-D160C301F075}.Debug|Any CPU.ActiveCfg = Debug|Any CPU
		{827EEC8E-F9DF-4E80-9B80-D160C301F075}.Debug|Any CPU.Build.0 = Debug|Any CPU
		{827EEC8E-F9DF-4E80-9B80-D160C301F075}.Debug|x86.ActiveCfg = Debug|Any CPU
		{827EEC8E-F9DF-4E80-9B80-D160C301F075}.Debug|x86.Build.0 = Debug|Any CPU
		{827EEC8E-F9DF-4E80-9B80-D160C301F075}.Release|Any CPU.ActiveCfg = Release|Any CPU
		{827EEC8E-F9DF-4E80-9B80-D160C301F075}.Release|Any CPU.Build.0 = Release|Any CPU
		{827EEC8E-F9DF-4E80-9B80-D160C301F075}.Release|x86.ActiveCfg = Release|Any CPU
		{827EEC8E-F9DF-4E80-9B80-D160C301F075}.Release|x86.Build.0 = Release|Any CPU
		{AC542E30-ECB4-4E48-8D17-D5D372A9E321}.Debug|Any CPU.ActiveCfg = Debug|Any CPU
		{AC542E30-ECB4-4E48-8D17-D5D372A9E321}.Debug|Any CPU.Build.0 = Debug|Any CPU
		{AC542E30-ECB4-4E48-8D17-D5D372A9E321}.Debug|x86.ActiveCfg = Debug|Any CPU
		{AC542E30-ECB4-4E48-8D17-D5D372A9E321}.Debug|x86.Build.0 = Debug|Any CPU
		{AC542E30-ECB4-4E48-8D17-D5D372A9E321}.Release|Any CPU.ActiveCfg = Release|Any CPU
		{AC542E30-ECB4-4E48-8D17-D5D372A9E321}.Release|Any CPU.Build.0 = Release|Any CPU
		{AC542E30-ECB4-4E48-8D17-D5D372A9E321}.Release|x86.ActiveCfg = Release|Any CPU
		{AC542E30-ECB4-4E48-8D17-D5D372A9E321}.Release|x86.Build.0 = Release|Any CPU
		{DFA5297A-EED1-44C2-BB96-501023DCA4AA}.Debug|Any CPU.ActiveCfg = Debug|Any CPU
		{DFA5297A-EED1-44C2-BB96-501023DCA4AA}.Debug|Any CPU.Build.0 = Debug|Any CPU
		{DFA5297A-EED1-44C2-BB96-501023DCA4AA}.Debug|x86.ActiveCfg = Debug|Any CPU
		{DFA5297A-EED1-44C2-BB96-501023DCA4AA}.Debug|x86.Build.0 = Debug|Any CPU
		{DFA5297A-EED1-44C2-BB96-501023DCA4AA}.Release|Any CPU.ActiveCfg = Release|Any CPU
		{DFA5297A-EED1-44C2-BB96-501023DCA4AA}.Release|Any CPU.Build.0 = Release|Any CPU
		{DFA5297A-EED1-44C2-BB96-501023DCA4AA}.Release|x86.ActiveCfg = Release|Any CPU
		{DFA5297A-EED1-44C2-BB96-501023DCA4AA}.Release|x86.Build.0 = Release|Any CPU
		{8FB5CCF4-FFC6-4B38-9C1E-19250648BC77}.Debug|Any CPU.ActiveCfg = Debug|Any CPU
		{8FB5CCF4-FFC6-4B38-9C1E-19250648BC77}.Debug|Any CPU.Build.0 = Debug|Any CPU
		{8FB5CCF4-FFC6-4B38-9C1E-19250648BC77}.Debug|x86.ActiveCfg = Debug|Any CPU
		{8FB5CCF4-FFC6-4B38-9C1E-19250648BC77}.Debug|x86.Build.0 = Debug|Any CPU
		{8FB5CCF4-FFC6-4B38-9C1E-19250648BC77}.Release|Any CPU.ActiveCfg = Release|Any CPU
		{8FB5CCF4-FFC6-4B38-9C1E-19250648BC77}.Release|Any CPU.Build.0 = Release|Any CPU
		{8FB5CCF4-FFC6-4B38-9C1E-19250648BC77}.Release|x86.ActiveCfg = Release|Any CPU
		{8FB5CCF4-FFC6-4B38-9C1E-19250648BC77}.Release|x86.Build.0 = Release|Any CPU
	EndGlobalSection
	GlobalSection(SolutionProperties) = preSolution
		HideSolutionNode = FALSE
	EndGlobalSection
	GlobalSection(ExtensibilityGlobals) = postSolution
		SolutionGuid = {EB937E6F-B885-47C1-87CA-B976E2E93021}
	EndGlobalSection
EndGlobal
